schema: '2.0'
stages:
  train:
    cmd: python src/train.py
    deps:
    - path: src/train.py
      hash: md5
      md5: 55c9972966686e8e2b6ff82a3147ce06
      size: 668
    params:
      params.yaml:
        train.conv_activation: relu
        train.lr: 0.0002
        train.num_epochs: 2
    outs:
    - path: dvclive/metrics.json
      hash: md5
      md5: 7d940083dd43c3a75edffe0b1ec8fb0f
      size: 137
    - path: output/metrics.json
      hash: md5
      md5: e73ffecdeb3378cbc5507516c37e8a84
      size: 62
